// !$*UTF8*$!
{
	archiveVersion = 1;
	classes = {
	};
	objectVersion = 46;
	objects = {

/* Begin PBXBuildFile section */
		040EFDC31CB7FA5700778918 /* AppDelegate.swift in Sources */ = {isa = PBXBuildFile; fileRef = 040EFDC21CB7FA5700778918 /* AppDelegate.swift */; };
		040EFDC51CB7FA5700778918 /* GameScene.sks in Resources */ = {isa = PBXBuildFile; fileRef = 040EFDC41CB7FA5700778918 /* GameScene.sks */; };
		040EFDC71CB7FA5700778918 /* GameScene.swift in Sources */ = {isa = PBXBuildFile; fileRef = 040EFDC61CB7FA5700778918 /* GameScene.swift */; };
		040EFDC91CB7FA5700778918 /* GameViewController.swift in Sources */ = {isa = PBXBuildFile; fileRef = 040EFDC81CB7FA5700778918 /* GameViewController.swift */; };
		040EFDCC1CB7FA5700778918 /* Main.storyboard in Resources */ = {isa = PBXBuildFile; fileRef = 040EFDCA1CB7FA5700778918 /* Main.storyboard */; };
		040EFDCE1CB7FA5700778918 /* Assets.xcassets in Resources */ = {isa = PBXBuildFile; fileRef = 040EFDCD1CB7FA5700778918 /* Assets.xcassets */; };
		040EFDD11CB7FA5700778918 /* LaunchScreen.storyboard in Resources */ = {isa = PBXBuildFile; fileRef = 040EFDCF1CB7FA5700778918 /* LaunchScreen.storyboard */; };
		040EFDDC1CB7FA5700778918 /* JasonShepherdFlappyBirdsTests.swift in Sources */ = {isa = PBXBuildFile; fileRef = 040EFDDB1CB7FA5700778918 /* JasonShepherdFlappyBirdsTests.swift */; };
		040EFDE71CB7FA5700778918 /* JasonShepherdFlappyBirdsUITests.swift in Sources */ = {isa = PBXBuildFile; fileRef = 040EFDE61CB7FA5700778918 /* JasonShepherdFlappyBirdsUITests.swift */; };
		040EFDFC1CB8071200778918 /* flappy1.png in Resources */ = {isa = PBXBuildFile; fileRef = 040EFDF71CB8071200778918 /* flappy1.png */; };
		040EFE031CB83A6400778918 /* spark.png in Resources */ = {isa = PBXBuildFile; fileRef = 040EFE011CB83A6400778918 /* spark.png */; };
		040EFE081CB93CD800778918 /* frame-1.png in Resources */ = {isa = PBXBuildFile; fileRef = 040EFE041CB93CD800778918 /* frame-1.png */; };
		040EFE091CB93CD800778918 /* frame-2.png in Resources */ = {isa = PBXBuildFile; fileRef = 040EFE051CB93CD800778918 /* frame-2.png */; };
		040EFE0A1CB93CD800778918 /* frame-3.png in Resources */ = {isa = PBXBuildFile; fileRef = 040EFE061CB93CD800778918 /* frame-3.png */; };
		040EFE0B1CB93CD800778918 /* frame-4.png in Resources */ = {isa = PBXBuildFile; fileRef = 040EFE071CB93CD800778918 /* frame-4.png */; };
		040EFE191CBAB57700778918 /* DragonSmoke.sks in Resources */ = {isa = PBXBuildFile; fileRef = 040EFE181CBAB57700778918 /* DragonSmoke.sks */; };
		047098291CBBF30100765384 /* fireball.png in Resources */ = {isa = PBXBuildFile; fileRef = 047098281CBBF30100765384 /* fireball.png */; };
		048CC6A41CC1704900DEA47A /* tower1.png in Resources */ = {isa = PBXBuildFile; fileRef = 048CC6A21CC1704900DEA47A /* tower1.png */; };
		048CC6A51CC1704900DEA47A /* tower2.png in Resources */ = {isa = PBXBuildFile; fileRef = 048CC6A31CC1704900DEA47A /* tower2.png */; };
		048CC6AD1CC182A300DEA47A /* parallax-mountain-bg.png in Resources */ = {isa = PBXBuildFile; fileRef = 048CC6AC1CC182A300DEA47A /* parallax-mountain-bg.png */; };
		048CC6AF1CC182B200DEA47A /* parallax-mountain-montain-far.png in Resources */ = {isa = PBXBuildFile; fileRef = 048CC6AE1CC182B200DEA47A /* parallax-mountain-montain-far.png */; };
		048CC6B11CC182C000DEA47A /* parallax-mountain-mountains.png in Resources */ = {isa = PBXBuildFile; fileRef = 048CC6B01CC182C000DEA47A /* parallax-mountain-mountains.png */; };
		048CC6B31CC182F300DEA47A /* parallax-mountain-trees.png in Resources */ = {isa = PBXBuildFile; fileRef = 048CC6B21CC182F300DEA47A /* parallax-mountain-trees.png */; };
		048CC6B51CC182FD00DEA47A /* parallax-mountain-foreground-trees.png in Resources */ = {isa = PBXBuildFile; fileRef = 048CC6B41CC182FD00DEA47A /* parallax-mountain-foreground-trees.png */; };
		04A1AFF91CBFDC8E009559EE /* FireSpark.sks in Resources */ = {isa = PBXBuildFile; fileRef = 04A1AFF81CBFDC8E009559EE /* FireSpark.sks */; };
/* End PBXBuildFile section */

/* Begin PBXContainerItemProxy section */
		040EFDD81CB7FA5700778918 /* PBXContainerItemProxy */ = {
			isa = PBXContainerItemProxy;
			containerPortal = 040EFDB71CB7FA5600778918 /* Project object */;
			proxyType = 1;
			remoteGlobalIDString = 040EFDBE1CB7FA5700778918;
			remoteInfo = JasonShepherdFlappyBirds;
		};
		040EFDE31CB7FA5700778918 /* PBXContainerItemProxy */ = {
			isa = PBXContainerItemProxy;
			containerPortal = 040EFDB71CB7FA5600778918 /* Project object */;
			proxyType = 1;
			remoteGlobalIDString = 040EFDBE1CB7FA5700778918;
			remoteInfo = JasonShepherdFlappyBirds;
		};
/* End PBXContainerItemProxy section */

/* Begin PBXFileReference section */
		040EFDBF1CB7FA5700778918 /* Flappy Dragon.app */ = {isa = PBXFileReference; explicitFileType = wrapper.application; includeInIndex = 0; path = "Flappy Dragon.app"; sourceTree = BUILT_PRODUCTS_DIR; };
		040EFDC21CB7FA5700778918 /* AppDelegate.swift */ = {isa = PBXFileReference; lastKnownFileType = sourcecode.swift; path = AppDelegate.swift; sourceTree = "<group>"; };
		040EFDC41CB7FA5700778918 /* GameScene.sks */ = {isa = PBXFileReference; lastKnownFileType = file.sks; path = GameScene.sks; sourceTree = "<group>"; };
		040EFDC61CB7FA5700778918 /* GameScene.swift */ = {isa = PBXFileReference; lastKnownFileType = sourcecode.swift; path = GameScene.swift; sourceTree = "<group>"; };
		040EFDC81CB7FA5700778918 /* GameViewController.swift */ = {isa = PBXFileReference; lastKnownFileType = sourcecode.swift; path = GameViewController.swift; sourceTree = "<group>"; };
		040EFDCB1CB7FA5700778918 /* Base */ = {isa = PBXFileReference; lastKnownFileType = file.storyboard; name = Base; path = Base.lproj/Main.storyboard; sourceTree = "<group>"; };
		040EFDCD1CB7FA5700778918 /* Assets.xcassets */ = {isa = PBXFileReference; lastKnownFileType = folder.assetcatalog; path = Assets.xcassets; sourceTree = "<group>"; };
		040EFDD01CB7FA5700778918 /* Base */ = {isa = PBXFileReference; lastKnownFileType = file.storyboard; name = Base; path = Base.lproj/LaunchScreen.storyboard; sourceTree = "<group>"; };
		040EFDD21CB7FA5700778918 /* Info.plist */ = {isa = PBXFileReference; lastKnownFileType = text.plist.xml; path = Info.plist; sourceTree = "<group>"; };
		040EFDD71CB7FA5700778918 /* Flappy Dragon.xctest */ = {isa = PBXFileReference; explicitFileType = wrapper.cfbundle; includeInIndex = 0; path = "Flappy Dragon.xctest"; sourceTree = BUILT_PRODUCTS_DIR; };
		040EFDDB1CB7FA5700778918 /* JasonShepherdFlappyBirdsTests.swift */ = {isa = PBXFileReference; lastKnownFileType = sourcecode.swift; path = JasonShepherdFlappyBirdsTests.swift; sourceTree = "<group>"; };
		040EFDDD1CB7FA5700778918 /* Info.plist */ = {isa = PBXFileReference; lastKnownFileType = text.plist.xml; path = Info.plist; sourceTree = "<group>"; };
		040EFDE21CB7FA5700778918 /* Flappy Dragon.xctest */ = {isa = PBXFileReference; explicitFileType = wrapper.cfbundle; includeInIndex = 0; path = "Flappy Dragon.xctest"; sourceTree = BUILT_PRODUCTS_DIR; };
		040EFDE61CB7FA5700778918 /* JasonShepherdFlappyBirdsUITests.swift */ = {isa = PBXFileReference; lastKnownFileType = sourcecode.swift; path = JasonShepherdFlappyBirdsUITests.swift; sourceTree = "<group>"; };
		040EFDE81CB7FA5700778918 /* Info.plist */ = {isa = PBXFileReference; lastKnownFileType = text.plist.xml; path = Info.plist; sourceTree = "<group>"; };
		040EFDF71CB8071200778918 /* flappy1.png */ = {isa = PBXFileReference; lastKnownFileType = image.png; path = flappy1.png; sourceTree = "<group>"; };
		040EFE011CB83A6400778918 /* spark.png */ = {isa = PBXFileReference; lastKnownFileType = image.png; path = spark.png; sourceTree = "<group>"; };
		040EFE041CB93CD800778918 /* frame-1.png */ = {isa = PBXFileReference; lastKnownFileType = image.png; path = "frame-1.png"; sourceTree = "<group>"; };
		040EFE051CB93CD800778918 /* frame-2.png */ = {isa = PBXFileReference; lastKnownFileType = image.png; path = "frame-2.png"; sourceTree = "<group>"; };
		040EFE061CB93CD800778918 /* frame-3.png */ = {isa = PBXFileReference; lastKnownFileType = image.png; path = "frame-3.png"; sourceTree = "<group>"; };
		040EFE071CB93CD800778918 /* frame-4.png */ = {isa = PBXFileReference; lastKnownFileType = image.png; path = "frame-4.png"; sourceTree = "<group>"; };
		040EFE181CBAB57700778918 /* DragonSmoke.sks */ = {isa = PBXFileReference; lastKnownFileType = file.sks; path = DragonSmoke.sks; sourceTree = "<group>"; };
		047098281CBBF30100765384 /* fireball.png */ = {isa = PBXFileReference; lastKnownFileType = image.png; path = fireball.png; sourceTree = "<group>"; };
		048CC6A21CC1704900DEA47A /* tower1.png */ = {isa = PBXFileReference; lastKnownFileType = image.png; path = tower1.png; sourceTree = "<group>"; };
		048CC6A31CC1704900DEA47A /* tower2.png */ = {isa = PBXFileReference; lastKnownFileType = image.png; path = tower2.png; sourceTree = "<group>"; };
		048CC6AC1CC182A300DEA47A /* parallax-mountain-bg.png */ = {isa = PBXFileReference; lastKnownFileType = image.png; path = "parallax-mountain-bg.png"; sourceTree = "<group>"; };
		048CC6AE1CC182B200DEA47A /* parallax-mountain-montain-far.png */ = {isa = PBXFileReference; lastKnownFileType = image.png; path = "parallax-mountain-montain-far.png"; sourceTree = "<group>"; };
		048CC6B01CC182C000DEA47A /* parallax-mountain-mountains.png */ = {isa = PBXFileReference; lastKnownFileType = image.png; path = "parallax-mountain-mountains.png"; sourceTree = "<group>"; };
		048CC6B21CC182F300DEA47A /* parallax-mountain-trees.png */ = {isa = PBXFileReference; lastKnownFileType = image.png; path = "parallax-mountain-trees.png"; sourceTree = "<group>"; };
		048CC6B41CC182FD00DEA47A /* parallax-mountain-foreground-trees.png */ = {isa = PBXFileReference; lastKnownFileType = image.png; path = "parallax-mountain-foreground-trees.png"; sourceTree = "<group>"; };
		04A1AFF81CBFDC8E009559EE /* FireSpark.sks */ = {isa = PBXFileReference; lastKnownFileType = file.sks; path = FireSpark.sks; sourceTree = "<group>"; };
/* End PBXFileReference section */

/* Begin PBXFrameworksBuildPhase section */
		040EFDBC1CB7FA5700778918 /* Frameworks */ = {
			isa = PBXFrameworksBuildPhase;
			buildActionMask = 2147483647;
			files = (
			);
			runOnlyForDeploymentPostprocessing = 0;
		};
		040EFDD41CB7FA5700778918 /* Frameworks */ = {
			isa = PBXFrameworksBuildPhase;
			buildActionMask = 2147483647;
			files = (
			);
			runOnlyForDeploymentPostprocessing = 0;
		};
		040EFDDF1CB7FA5700778918 /* Frameworks */ = {
			isa = PBXFrameworksBuildPhase;
			buildActionMask = 2147483647;
			files = (
			);
			runOnlyForDeploymentPostprocessing = 0;
		};
/* End PBXFrameworksBuildPhase section */

/* Begin PBXGroup section */
		040EFDB61CB7FA5600778918 = {
			isa = PBXGroup;
			children = (
				04A1AFF81CBFDC8E009559EE /* FireSpark.sks */,
				040EFE181CBAB57700778918 /* DragonSmoke.sks */,
				040EFE011CB83A6400778918 /* spark.png */,
				040EFDC11CB7FA5700778918 /* JasonShepherdFlappyBirds */,
				040EFDDA1CB7FA5700778918 /* JasonShepherdFlappyBirdsTests */,
				040EFDE51CB7FA5700778918 /* JasonShepherdFlappyBirdsUITests */,
				040EFDC01CB7FA5700778918 /* Products */,
			);
			sourceTree = "<group>";
		};
		040EFDC01CB7FA5700778918 /* Products */ = {
			isa = PBXGroup;
			children = (
				040EFDBF1CB7FA5700778918 /* Flappy Dragon.app */,
				040EFDD71CB7FA5700778918 /* Flappy Dragon.xctest */,
				040EFDE21CB7FA5700778918 /* Flappy Dragon.xctest */,
			);
			name = Products;
			sourceTree = "<group>";
		};
		040EFDC11CB7FA5700778918 /* JasonShepherdFlappyBirds */ = {
			isa = PBXGroup;
			children = (
				048CC6B21CC182F300DEA47A /* parallax-mountain-trees.png */,
				048CC6B41CC182FD00DEA47A /* parallax-mountain-foreground-trees.png */,
				048CC6AC1CC182A300DEA47A /* parallax-mountain-bg.png */,
				048CC6AE1CC182B200DEA47A /* parallax-mountain-montain-far.png */,
				048CC6B01CC182C000DEA47A /* parallax-mountain-mountains.png */,
				048CC6A21CC1704900DEA47A /* tower1.png */,
				048CC6A31CC1704900DEA47A /* tower2.png */,
				047098281CBBF30100765384 /* fireball.png */,
				040EFE041CB93CD800778918 /* frame-1.png */,
				040EFE051CB93CD800778918 /* frame-2.png */,
				040EFE061CB93CD800778918 /* frame-3.png */,
				040EFE071CB93CD800778918 /* frame-4.png */,
				040EFDF71CB8071200778918 /* flappy1.png */,
				040EFDC21CB7FA5700778918 /* AppDelegate.swift */,
				040EFDC41CB7FA5700778918 /* GameScene.sks */,
				040EFDC61CB7FA5700778918 /* GameScene.swift */,
				040EFDC81CB7FA5700778918 /* GameViewController.swift */,
				040EFDCA1CB7FA5700778918 /* Main.storyboard */,
				040EFDCD1CB7FA5700778918 /* Assets.xcassets */,
				040EFDCF1CB7FA5700778918 /* LaunchScreen.storyboard */,
				040EFDD21CB7FA5700778918 /* Info.plist */,
			);
			path = JasonShepherdFlappyBirds;
			sourceTree = "<group>";
		};
		040EFDDA1CB7FA5700778918 /* JasonShepherdFlappyBirdsTests */ = {
			isa = PBXGroup;
			children = (
				040EFDDB1CB7FA5700778918 /* JasonShepherdFlappyBirdsTests.swift */,
				040EFDDD1CB7FA5700778918 /* Info.plist */,
			);
			path = JasonShepherdFlappyBirdsTests;
			sourceTree = "<group>";
		};
		040EFDE51CB7FA5700778918 /* JasonShepherdFlappyBirdsUITests */ = {
			isa = PBXGroup;
			children = (
				040EFDE61CB7FA5700778918 /* JasonShepherdFlappyBirdsUITests.swift */,
				040EFDE81CB7FA5700778918 /* Info.plist */,
			);
			path = JasonShepherdFlappyBirdsUITests;
			sourceTree = "<group>";
		};
/* End PBXGroup section */

/* Begin PBXNativeTarget section */
		040EFDBE1CB7FA5700778918 /* Flappy Dragon */ = {
			isa = PBXNativeTarget;
			buildConfigurationList = 040EFDEB1CB7FA5700778918 /* Build configuration list for PBXNativeTarget "Flappy Dragon" */;
			buildPhases = (
				040EFDBB1CB7FA5700778918 /* Sources */,
				040EFDBC1CB7FA5700778918 /* Frameworks */,
				040EFDBD1CB7FA5700778918 /* Resources */,
			);
			buildRules = (
			);
			dependencies = (
			);
			name = "Flappy Dragon";
			productName = JasonShepherdFlappyBirds;
			productReference = 040EFDBF1CB7FA5700778918 /* Flappy Dragon.app */;
			productType = "com.apple.product-type.application";
		};
		040EFDD61CB7FA5700778918 /* Flappy DragonTests */ = {
			isa = PBXNativeTarget;
			buildConfigurationList = 040EFDEE1CB7FA5700778918 /* Build configuration list for PBXNativeTarget "Flappy DragonTests" */;
			buildPhases = (
				040EFDD31CB7FA5700778918 /* Sources */,
				040EFDD41CB7FA5700778918 /* Frameworks */,
				040EFDD51CB7FA5700778918 /* Resources */,
			);
			buildRules = (
			);
			dependencies = (
				040EFDD91CB7FA5700778918 /* PBXTargetDependency */,
			);
			name = "Flappy DragonTests";
			productName = JasonShepherdFlappyBirdsTests;
			productReference = 040EFDD71CB7FA5700778918 /* Flappy Dragon.xctest */;
			productType = "com.apple.product-type.bundle.unit-test";
		};
		040EFDE11CB7FA5700778918 /* Flappy DragonUITests */ = {
			isa = PBXNativeTarget;
			buildConfigurationList = 040EFDF11CB7FA5700778918 /* Build configuration list for PBXNativeTarget "Flappy DragonUITests" */;
			buildPhases = (
				040EFDDE1CB7FA5700778918 /* Sources */,
				040EFDDF1CB7FA5700778918 /* Frameworks */,
				040EFDE01CB7FA5700778918 /* Resources */,
			);
			buildRules = (
			);
			dependencies = (
				040EFDE41CB7FA5700778918 /* PBXTargetDependency */,
			);
			name = "Flappy DragonUITests";
			productName = JasonShepherdFlappyBirdsUITests;
			productReference = 040EFDE21CB7FA5700778918 /* Flappy Dragon.xctest */;
			productType = "com.apple.product-type.bundle.ui-testing";
		};
/* End PBXNativeTarget section */

/* Begin PBXProject section */
		040EFDB71CB7FA5600778918 /* Project object */ = {
			isa = PBXProject;
			attributes = {
				LastSwiftUpdateCheck = 0730;
				LastUpgradeCheck = 0730;
				ORGANIZATIONNAME = "Salt Lake Community College";
				TargetAttributes = {
					040EFDBE1CB7FA5700778918 = {
						CreatedOnToolsVersion = 7.3;
						DevelopmentTeam = H3T7P37XU8;
					};
					040EFDD61CB7FA5700778918 = {
						CreatedOnToolsVersion = 7.3;
						DevelopmentTeam = H3T7P37XU8;
						TestTargetID = 040EFDBE1CB7FA5700778918;
					};
					040EFDE11CB7FA5700778918 = {
						CreatedOnToolsVersion = 7.3;
						DevelopmentTeam = H3T7P37XU8;
						TestTargetID = 040EFDBE1CB7FA5700778918;
					};
				};
			};
			buildConfigurationList = 040EFDBA1CB7FA5600778918 /* Build configuration list for PBXProject "Flappy Dragon" */;
			compatibilityVersion = "Xcode 3.2";
			developmentRegion = English;
			hasScannedForEncodings = 0;
			knownRegions = (
				en,
				Base,
			);
			mainGroup = 040EFDB61CB7FA5600778918;
			productRefGroup = 040EFDC01CB7FA5700778918 /* Products */;
			projectDirPath = "";
			projectRoot = "";
			targets = (
				040EFDBE1CB7FA5700778918 /* Flappy Dragon */,
				040EFDD61CB7FA5700778918 /* Flappy DragonTests */,
				040EFDE11CB7FA5700778918 /* Flappy DragonUITests */,
			);
		};
/* End PBXProject section */

/* Begin PBXResourcesBuildPhase section */
		040EFDBD1CB7FA5700778918 /* Resources */ = {
			isa = PBXResourcesBuildPhase;
			buildActionMask = 2147483647;
			files = (
				047098291CBBF30100765384 /* fireball.png in Resources */,
				040EFE031CB83A6400778918 /* spark.png in Resources */,
				048CC6AF1CC182B200DEA47A /* parallax-mountain-montain-far.png in Resources */,
				040EFE0A1CB93CD800778918 /* frame-3.png in Resources */,
				048CC6A51CC1704900DEA47A /* tower2.png in Resources */,
				04A1AFF91CBFDC8E009559EE /* FireSpark.sks in Resources */,
				048CC6B31CC182F300DEA47A /* parallax-mountain-trees.png in Resources */,
				040EFDC51CB7FA5700778918 /* GameScene.sks in Resources */,
				040EFE0B1CB93CD800778918 /* frame-4.png in Resources */,
				048CC6A41CC1704900DEA47A /* tower1.png in Resources */,
				048CC6AD1CC182A300DEA47A /* parallax-mountain-bg.png in Resources */,
				040EFE191CBAB57700778918 /* DragonSmoke.sks in Resources */,
				048CC6B51CC182FD00DEA47A /* parallax-mountain-foreground-trees.png in Resources */,
				040EFE091CB93CD800778918 /* frame-2.png in Resources */,
				040EFDD11CB7FA5700778918 /* LaunchScreen.storyboard in Resources */,
				040EFE081CB93CD800778918 /* frame-1.png in Resources */,
				040EFDCE1CB7FA5700778918 /* Assets.xcassets in Resources */,
				040EFDCC1CB7FA5700778918 /* Main.storyboard in Resources */,
				048CC6B11CC182C000DEA47A /* parallax-mountain-mountains.png in Resources */,
				040EFDFC1CB8071200778918 /* flappy1.png in Resources */,
			);
			runOnlyForDeploymentPostprocessing = 0;
		};
		040EFDD51CB7FA5700778918 /* Resources */ = {
			isa = PBXResourcesBuildPhase;
			buildActionMask = 2147483647;
			files = (
			);
			runOnlyForDeploymentPostprocessing = 0;
		};
		040EFDE01CB7FA5700778918 /* Resources */ = {
			isa = PBXResourcesBuildPhase;
			buildActionMask = 2147483647;
			files = (
			);
			runOnlyForDeploymentPostprocessing = 0;
		};
/* End PBXResourcesBuildPhase section */

/* Begin PBXSourcesBuildPhase section */
		040EFDBB1CB7FA5700778918 /* Sources */ = {
			isa = PBXSourcesBuildPhase;
			buildActionMask = 2147483647;
			files = (
				040EFDC71CB7FA5700778918 /* GameScene.swift in Sources */,
				040EFDC91CB7FA5700778918 /* GameViewController.swift in Sources */,
				040EFDC31CB7FA5700778918 /* AppDelegate.swift in Sources */,
			);
			runOnlyForDeploymentPostprocessing = 0;
		};
		040EFDD31CB7FA5700778918 /* Sources */ = {
			isa = PBXSourcesBuildPhase;
			buildActionMask = 2147483647;
			files = (
				040EFDDC1CB7FA5700778918 /* JasonShepherdFlappyBirdsTests.swift in Sources */,
			);
			runOnlyForDeploymentPostprocessing = 0;
		};
		040EFDDE1CB7FA5700778918 /* Sources */ = {
			isa = PBXSourcesBuildPhase;
			buildActionMask = 2147483647;
			files = (
				040EFDE71CB7FA5700778918 /* JasonShepherdFlappyBirdsUITests.swift in Sources */,
			);
			runOnlyForDeploymentPostprocessing = 0;
		};
/* End PBXSourcesBuildPhase section */

/* Begin PBXTargetDependency section */
		040EFDD91CB7FA5700778918 /* PBXTargetDependency */ = {
			isa = PBXTargetDependency;
			target = 040EFDBE1CB7FA5700778918 /* Flappy Dragon */;
			targetProxy = 040EFDD81CB7FA5700778918 /* PBXContainerItemProxy */;
		};
		040EFDE41CB7FA5700778918 /* PBXTargetDependency */ = {
			isa = PBXTargetDependency;
			target = 040EFDBE1CB7FA5700778918 /* Flappy Dragon */;
			targetProxy = 040EFDE31CB7FA5700778918 /* PBXContainerItemProxy */;
		};
/* End PBXTargetDependency section */

/* Begin PBXVariantGroup section */
		040EFDCA1CB7FA5700778918 /* Main.storyboard */ = {
			isa = PBXVariantGroup;
			children = (
				040EFDCB1CB7FA5700778918 /* Base */,
			);
			name = Main.storyboard;
			sourceTree = "<group>";
		};
		040EFDCF1CB7FA5700778918 /* LaunchScreen.storyboard */ = {
			isa = PBXVariantGroup;
			children = (
				040EFDD01CB7FA5700778918 /* Base */,
			);
			name = LaunchScreen.storyboard;
			sourceTree = "<group>";
		};
/* End PBXVariantGroup section */

/* Begin XCBuildConfiguration section */
		040EFDE91CB7FA5700778918 /* Debug */ = {
			isa = XCBuildConfiguration;
			buildSettings = {
				ALWAYS_SEARCH_USER_PATHS = NO;
				CLANG_ANALYZER_NONNULL = YES;
				CLANG_CXX_LANGUAGE_STANDARD = "gnu++0x";
				CLANG_CXX_LIBRARY = "libc++";
				CLANG_ENABLE_MODULES = YES;
				CLANG_ENABLE_OBJC_ARC = YES;
				CLANG_WARN_BOOL_CONVERSION = YES;
				CLANG_WARN_CONSTANT_CONVERSION = YES;
				CLANG_WARN_DIRECT_OBJC_ISA_USAGE = YES_ERROR;
				CLANG_WARN_EMPTY_BODY = YES;
				CLANG_WARN_ENUM_CONVERSION = YES;
				CLANG_WARN_INT_CONVERSION = YES;
				CLANG_WARN_OBJC_ROOT_CLASS = YES_ERROR;
				CLANG_WARN_UNREACHABLE_CODE = YES;
				CLANG_WARN__DUPLICATE_METHOD_MATCH = YES;
				"CODE_SIGN_IDENTITY[sdk=iphoneos*]" = "iPhone Developer";
				COPY_PHASE_STRIP = NO;
				DEBUG_INFORMATION_FORMAT = "dwarf-with-dsym";
				ENABLE_STRICT_OBJC_MSGSEND = YES;
				ENABLE_TESTABILITY = YES;
				GCC_C_LANGUAGE_STANDARD = gnu99;
				GCC_DYNAMIC_NO_PIC = NO;
				GCC_NO_COMMON_BLOCKS = YES;
				GCC_OPTIMIZATION_LEVEL = 0;
				GCC_PREPROCESSOR_DEFINITIONS = (
					"DEBUG=1",
					"$(inherited)",
				);
				GCC_WARN_64_TO_32_BIT_CONVERSION = YES;
				GCC_WARN_ABOUT_RETURN_TYPE = YES_ERROR;
				GCC_WARN_UNDECLARED_SELECTOR = YES;
				GCC_WARN_UNINITIALIZED_AUTOS = YES_AGGRESSIVE;
				GCC_WARN_UNUSED_FUNCTION = YES;
				GCC_WARN_UNUSED_VARIABLE = YES;
				IPHONEOS_DEPLOYMENT_TARGET = 9.3;
				MTL_ENABLE_DEBUG_INFO = YES;
				ONLY_ACTIVE_ARCH = YES;
				SDKROOT = iphoneos;
				SWIFT_OPTIMIZATION_LEVEL = "-Onone";
			};
			name = Debug;
		};
		040EFDEA1CB7FA5700778918 /* Release */ = {
			isa = XCBuildConfiguration;
			buildSettings = {
				ALWAYS_SEARCH_USER_PATHS = NO;
				CLANG_ANALYZER_NONNULL = YES;
				CLANG_CXX_LANGUAGE_STANDARD = "gnu++0x";
				CLANG_CXX_LIBRARY = "libc++";
				CLANG_ENABLE_MODULES = YES;
				CLANG_ENABLE_OBJC_ARC = YES;
				CLANG_WARN_BOOL_CONVERSION = YES;
				CLANG_WARN_CONSTANT_CONVERSION = YES;
				CLANG_WARN_DIRECT_OBJC_ISA_USAGE = YES_ERROR;
				CLANG_WARN_EMPTY_BODY = YES;
				CLANG_WARN_ENUM_CONVERSION = YES;
				CLANG_WARN_INT_CONVERSION = YES;
				CLANG_WARN_OBJC_ROOT_CLASS = YES_ERROR;
				CLANG_WARN_UNREACHABLE_CODE = YES;
				CLANG_WARN__DUPLICATE_METHOD_MATCH = YES;
				"CODE_SIGN_IDENTITY[sdk=iphoneos*]" = "iPhone Developer";
				COPY_PHASE_STRIP = NO;
				DEBUG_INFORMATION_FORMAT = "dwarf-with-dsym";
				ENABLE_NS_ASSERTIONS = NO;
				ENABLE_STRICT_OBJC_MSGSEND = YES;
				GCC_C_LANGUAGE_STANDARD = gnu99;
				GCC_NO_COMMON_BLOCKS = YES;
				GCC_WARN_64_TO_32_BIT_CONVERSION = YES;
				GCC_WARN_ABOUT_RETURN_TYPE = YES_ERROR;
				GCC_WARN_UNDECLARED_SELECTOR = YES;
				GCC_WARN_UNINITIALIZED_AUTOS = YES_AGGRESSIVE;
				GCC_WARN_UNUSED_FUNCTION = YES;
				GCC_WARN_UNUSED_VARIABLE = YES;
				IPHONEOS_DEPLOYMENT_TARGET = 9.3;
				MTL_ENABLE_DEBUG_INFO = NO;
				SDKROOT = iphoneos;
				VALIDATE_PRODUCT = YES;
			};
			name = Release;
		};
		040EFDEC1CB7FA5700778918 /* Debug */ = {
			isa = XCBuildConfiguration;
			buildSettings = {
				ASSETCATALOG_COMPILER_APPICON_NAME = AppIcon;
				INFOPLIST_FILE = JasonShepherdFlappyBirds/Info.plist;
				LD_RUNPATH_SEARCH_PATHS = "$(inherited) @executable_path/Frameworks";
				PRODUCT_BUNDLE_IDENTIFIER = edu.slcc.csis2640.JasonShepherdFlappyBirds;
				PRODUCT_NAME = "Flappy Dragon";
			};
			name = Debug;
		};
		040EFDED1CB7FA5700778918 /* Release */ = {
			isa = XCBuildConfiguration;
			buildSettings = {
				ASSETCATALOG_COMPILER_APPICON_NAME = AppIcon;
				INFOPLIST_FILE = JasonShepherdFlappyBirds/Info.plist;
				LD_RUNPATH_SEARCH_PATHS = "$(inherited) @executable_path/Frameworks";
				PRODUCT_BUNDLE_IDENTIFIER = edu.slcc.csis2640.JasonShepherdFlappyBirds;
				PRODUCT_NAME = "Flappy Dragon";
			};
			name = Release;
		};
		040EFDEF1CB7FA5700778918 /* Debug */ = {
			isa = XCBuildConfiguration;
			buildSettings = {
				BUNDLE_LOADER = "$(TEST_HOST)";
				DEBUG_INFORMATION_FORMAT = dwarf;
				INFOPLIST_FILE = JasonShepherdFlappyBirdsTests/Info.plist;
				LD_RUNPATH_SEARCH_PATHS = "$(inherited) @executable_path/Frameworks @loader_path/Frameworks";
				PRODUCT_BUNDLE_IDENTIFIER = edu.slcc.csis2640.JasonShepherdFlappyBirdsTests;
				PRODUCT_NAME = "Flappy Dragon";
				TEST_HOST = "$(BUILT_PRODUCTS_DIR)/Flappy Dragon.app/Flappy Dragon";
			};
			name = Debug;
		};
		040EFDF01CB7FA5700778918 /* Release */ = {
			isa = XCBuildConfiguration;
			buildSettings = {
				BUNDLE_LOADER = "$(TEST_HOST)";
				INFOPLIST_FILE = JasonShepherdFlappyBirdsTests/Info.plist;
				LD_RUNPATH_SEARCH_PATHS = "$(inherited) @executable_path/Frameworks @loader_path/Frameworks";
				PRODUCT_BUNDLE_IDENTIFIER = edu.slcc.csis2640.JasonShepherdFlappyBirdsTests;
				PRODUCT_NAME = "Flappy Dragon";
				TEST_HOST = "$(BUILT_PRODUCTS_DIR)/Flappy Dragon.app/Flappy Dragon";
			};
			name = Release;
		};
		040EFDF21CB7FA5700778918 /* Debug */ = {
			isa = XCBuildConfiguration;
			buildSettings = {
				DEBUG_INFORMATION_FORMAT = dwarf;
				INFOPLIST_FILE = JasonShepherdFlappyBirdsUITests/Info.plist;
				LD_RUNPATH_SEARCH_PATHS = "$(inherited) @executable_path/Frameworks @loader_path/Frameworks";
				PRODUCT_BUNDLE_IDENTIFIER = edu.slcc.csis2640.JasonShepherdFlappyBirdsUITests;
				PRODUCT_NAME = "Flappy Dragon";
				TEST_TARGET_NAME = JasonShepherdFlappyBirds;
			};
			name = Debug;
		};
		040EFDF31CB7FA5700778918 /* Release */ = {
			isa = XCBuildConfiguration;
			buildSettings = {
				INFOPLIST_FILE = JasonShepherdFlappyBirdsUITests/Info.plist;
				LD_RUNPATH_SEARCH_PATHS = "$(inherited) @executable_path/Frameworks @loader_path/Frameworks";
				PRODUCT_BUNDLE_IDENTIFIER = edu.slcc.csis2640.JasonShepherdFlappyBirdsUITests;
				PRODUCT_NAME = "Flappy Dragon";
				TEST_TARGET_NAME = JasonShepherdFlappyBirds;
			};
			name = Release;
		};
/* End XCBuildConfiguration section */

/* Begin XCConfigurationList section */
		040EFDBA1CB7FA5600778918 /* Build configuration list for PBXProject "Flappy Dragon" */ = {
			isa = XCConfigurationList;
			buildConfigurations = (
				040EFDE91CB7FA5700778918 /* Debug */,
				040EFDEA1CB7FA5700778918 /* Release */,
			);
			defaultConfigurationIsVisible = 0;
			defaultConfigurationName = Release;
		};
		040EFDEB1CB7FA5700778918 /* Build configuration list for PBXNativeTarget "Flappy Dragon" */ = {
			isa = XCConfigurationList;
			buildConfigurations = (
				040EFDEC1CB7FA5700778918 /* Debug */,
				040EFDED1CB7FA5700778918 /* Release */,
			);
			defaultConfigurationIsVisible = 0;
			defaultConfigurationName = Release;
		};
		040EFDEE1CB7FA5700778918 /* Build configuration list for PBXNativeTarget "Flappy DragonTests" */ = {
			isa = XCConfigurationList;
			buildConfigurations = (
				040EFDEF1CB7FA5700778918 /* Debug */,
				040EFDF01CB7FA5700778918 /* Release */,
			);
			defaultConfigurationIsVisible = 0;
			defaultConfigurationName = Release;
		};
		040EFDF11CB7FA5700778918 /* Build configuration list for PBXNativeTarget "Flappy DragonUITests" */ = {
			isa = XCConfigurationList;
			buildConfigurations = (
				040EFDF21CB7FA5700778918 /* Debug */,
				040EFDF31CB7FA5700778918 /* Release */,
			);
			defaultConfigurationIsVisible = 0;
			defaultConfigurationName = Release;
		};
/* End XCConfigurationList section */
	};
	rootObject = 040EFDB71CB7FA5600778918 /* Project object */;
}
